
Microsoft Visual Studio Solution File, Format Version 12.00
# Visual Studio 2012
Project("{FAE04EC0-301F-11D3-BF4B-00C04F79EFBC}") = "DefaultRedisSession.Web", "DefaultRedisSession.Web\DefaultRedisSession.Web.csproj", "{94486998-0B85-43C7-AA80-75F6EA780BFC}"
EndProject
Project("{FAE04EC0-301F-11D3-BF4B-00C04F79EFBC}") = "SampleRabbitMQAdmin", "SampleRabbitMQAdmin\SampleRabbitMQAdmin.csproj", "{FF77A246-0A1F-4825-B8A7-E3359379AE12}"
EndProject
Project("{FAE04EC0-301F-11D3-BF4B-00C04F79EFBC}") = "SampleSignalRHub", "SampleSignalRHub\SampleSignalRHub.csproj", "{6E75B3FF-EC6F-4668-BADA-87271ABA10C1}"
EndProject
Project("{FAE04EC0-301F-11D3-BF4B-00C04F79EFBC}") = "SampleRabbitMQData", "SampleRabbitMQData\SampleRabbitMQData.csproj", "{93F4DD16-7CD4-4F47-8BDC-4CF79A0F07A5}"
EndProject
Project("{FAE04EC0-301F-11D3-BF4B-00C04F79EFBC}") = "RabbitMQClientPerformance", "RabbitMQClientPerformance\RabbitMQClientPerformance.csproj", "{473F9B59-4555-42B0-943D-F7FDF66E27B0}"
EndProject
Project("{FAE04EC0-301F-11D3-BF4B-00C04F79EFBC}") = "RESTFundamentals", "RESTFundamentals\RESTFundamentals.csproj", "{7B1A1D4E-A27B-4A52-8DA5-89C72266C55C}"
EndProject
Project("{FAE04EC0-301F-11D3-BF4B-00C04F79EFBC}") = "RabbitMQPublisher", "RabbitMQPublisher\RabbitMQPublisher.csproj", "{34E31F29-AF0B-4A0A-8D29-22892CA17DCB}"
EndProject
Project("{FAE04EC0-301F-11D3-BF4B-00C04F79EFBC}") = "PerformanceLogging", "PerformanceLogging\PerformanceLogging.csproj", "{2F00D68B-C1E7-4808-8D81-D506CF1E86C6}"
EndProject
Global
	GlobalSection(SolutionConfigurationPlatforms) = preSolution
		Debug|Any CPU = Debug|Any CPU
		Release|Any CPU = Release|Any CPU
	EndGlobalSection
	GlobalSection(ProjectConfigurationPlatforms) = postSolution
		{94486998-0B85-43C7-AA80-75F6EA780BFC}.Debug|Any CPU.ActiveCfg = Debug|Any CPU
		{94486998-0B85-43C7-AA80-75F6EA780BFC}.Debug|Any CPU.Build.0 = Debug|Any CPU
		{94486998-0B85-43C7-AA80-75F6EA780BFC}.Release|Any CPU.ActiveCfg = Release|Any CPU
		{94486998-0B85-43C7-AA80-75F6EA780BFC}.Release|Any CPU.Build.0 = Release|Any CPU
		{FF77A246-0A1F-4825-B8A7-E3359379AE12}.Debug|Any CPU.ActiveCfg = Debug|Any CPU
		{FF77A246-0A1F-4825-B8A7-E3359379AE12}.Debug|Any CPU.Build.0 = Debug|Any CPU
		{FF77A246-0A1F-4825-B8A7-E3359379AE12}.Release|Any CPU.ActiveCfg = Release|Any CPU
		{FF77A246-0A1F-4825-B8A7-E3359379AE12}.Release|Any CPU.Build.0 = Release|Any CPU
		{6E75B3FF-EC6F-4668-BADA-87271ABA10C1}.Debug|Any CPU.ActiveCfg = Debug|Any CPU
		{6E75B3FF-EC6F-4668-BADA-87271ABA10C1}.Debug|Any CPU.Build.0 = Debug|Any CPU
		{6E75B3FF-EC6F-4668-BADA-87271ABA10C1}.Release|Any CPU.ActiveCfg = Release|Any CPU
		{6E75B3FF-EC6F-4668-BADA-87271ABA10C1}.Release|Any CPU.Build.0 = Release|Any CPU
		{93F4DD16-7CD4-4F47-8BDC-4CF79A0F07A5}.Debug|Any CPU.ActiveCfg = Debug|Any CPU
		{93F4DD16-7CD4-4F47-8BDC-4CF79A0F07A5}.Debug|Any CPU.Build.0 = Debug|Any CPU
		{93F4DD16-7CD4-4F47-8BDC-4CF79A0F07A5}.Release|Any CPU.ActiveCfg = Release|Any CPU
		{93F4DD16-7CD4-4F47-8BDC-4CF79A0F07A5}.Release|Any CPU.Build.0 = Release|Any CPU
		{473F9B59-4555-42B0-943D-F7FDF66E27B0}.Debug|Any CPU.ActiveCfg = Debug|Any CPU
		{473F9B59-4555-42B0-943D-F7FDF66E27B0}.Debug|Any CPU.Build.0 = Debug|Any CPU
		{473F9B59-4555-42B0-943D-F7FDF66E27B0}.Release|Any CPU.ActiveCfg = Release|Any CPU
		{473F9B59-4555-42B0-943D-F7FDF66E27B0}.Release|Any CPU.Build.0 = Release|Any CPU
		{7B1A1D4E-A27B-4A52-8DA5-89C72266C55C}.Debug|Any CPU.ActiveCfg = Debug|Any CPU
		{7B1A1D4E-A27B-4A52-8DA5-89C72266C55C}.Debug|Any CPU.Build.0 = Debug|Any CPU
		{7B1A1D4E-A27B-4A52-8DA5-89C72266C55C}.Release|Any CPU.ActiveCfg = Release|Any CPU
		{7B1A1D4E-A27B-4A52-8DA5-89C72266C55C}.Release|Any CPU.Build.0 = Release|Any CPU
		{34E31F29-AF0B-4A0A-8D29-22892CA17DCB}.Debug|Any CPU.ActiveCfg = Debug|Any CPU
		{34E31F29-AF0B-4A0A-8D29-22892CA17DCB}.Debug|Any CPU.Build.0 = Debug|Any CPU
		{34E31F29-AF0B-4A0A-8D29-22892CA17DCB}.Release|Any CPU.ActiveCfg = Release|Any CPU
		{34E31F29-AF0B-4A0A-8D29-22892CA17DCB}.Release|Any CPU.Build.0 = Release|Any CPU
		{2F00D68B-C1E7-4808-8D81-D506CF1E86C6}.Debug|Any CPU.ActiveCfg = Debug|Any CPU
		{2F00D68B-C1E7-4808-8D81-D506CF1E86C6}.Debug|Any CPU.Build.0 = Debug|Any CPU
		{2F00D68B-C1E7-4808-8D81-D506CF1E86C6}.Release|Any CPU.ActiveCfg = Release|Any CPU
		{2F00D68B-C1E7-4808-8D81-D506CF1E86C6}.Release|Any CPU.Build.0 = Release|Any CPU
	EndGlobalSection
EndGlobal
